
Microsoft Visual Studio Solution File, Format Version 12.00
# Visual Studio Version 17
VisualStudioVersion = 17.0.31903.59
MinimumVisualStudioVersion = 10.0.40219.1
Project("{FAE04EC0-301F-11D3-BF4B-00C04F79EFBC}") = "TestApp", "TestApp\TestApp.csproj", "{60A532A6-AE2B-4888-9D0F-24E9C5E56FCD}"
EndProject
Project("{FAE04EC0-301F-11D3-BF4B-00C04F79EFBC}") = "WikiReader", "WikiReader\WikiReader.csproj", "{28803E3E-9156-4BC3-B11A-1CCC5A980DF8}"
EndProject
Global
	GlobalSection(SolutionConfigurationPlatforms) = preSolution
		Debug|Any CPU = Debug|Any CPU
		Release|Any CPU = Release|Any CPU
	EndGlobalSection
	GlobalSection(SolutionProperties) = preSolution
		HideSolutionNode = FALSE
	EndGlobalSection
	GlobalSection(ProjectConfigurationPlatforms) = postSolution
		{60A532A6-AE2B-4888-9D0F-24E9C5E56FCD}.Debug|Any CPU.ActiveCfg = Debug|Any CPU
		{60A532A6-AE2B-4888-9D0F-24E9C5E56FCD}.Debug|Any CPU.Build.0 = Debug|Any CPU
		{60A532A6-AE2B-4888-9D0F-24E9C5E56FCD}.Release|Any CPU.ActiveCfg = Release|Any CPU
		{60A532A6-AE2B-4888-9D0F-24E9C5E56FCD}.Release|Any CPU.Build.0 = Release|Any CPU
		{28803E3E-9156-4BC3-B11A-1CCC5A980DF8}.Debug|Any CPU.ActiveCfg = Debug|Any CPU
		{28803E3E-9156-4BC3-B11A-1CCC5A980DF8}.Debug|Any CPU.Build.0 = Debug|Any CPU
		{28803E3E-9156-4BC3-B11A-1CCC5A980DF8}.Release|Any CPU.ActiveCfg = Release|Any CPU
		{28803E3E-9156-4BC3-B11A-1CCC5A980DF8}.Release|Any CPU.Build.0 = Release|Any CPU
	EndGlobalSection
EndGlobal
