
Microsoft Visual Studio Solution File, Format Version 12.00
# Visual Studio Version 17
VisualStudioVersion = 17.0.31903.59
MinimumVisualStudioVersion = 10.0.40219.1
Project("{9A19103F-16F7-4668-BE54-9A1E7A4F7556}") = "TestApp", "TestApp\TestApp.csproj", "{60A532A6-AE2B-4888-9D0F-24E9C5E56FCD}"
EndProject
Project("{9A19103F-16F7-4668-BE54-9A1E7A4F7556}") = "WikiReader", "WikiReader\WikiReader.csproj", "{28803E3E-9156-4BC3-B11A-1CCC5A980DF8}"
EndProject
Project("{FAE04EC0-301F-11D3-BF4B-00C04F79EFBC}") = "LurkViewer", "LurkViewer\LurkViewer.csproj", "{3DCD813E-531F-4232-A9B7-8A081CFE34E4}"
EndProject
Global
	GlobalSection(SolutionConfigurationPlatforms) = preSolution
		Debug|Any CPU = Debug|Any CPU
		Release|Any CPU = Release|Any CPU
	EndGlobalSection
	GlobalSection(ProjectConfigurationPlatforms) = postSolution
		{60A532A6-AE2B-4888-9D0F-24E9C5E56FCD}.Debug|Any CPU.ActiveCfg = Debug|Any CPU
		{60A532A6-AE2B-4888-9D0F-24E9C5E56FCD}.Debug|Any CPU.Build.0 = Debug|Any CPU
		{60A532A6-AE2B-4888-9D0F-24E9C5E56FCD}.Release|Any CPU.ActiveCfg = Release|Any CPU
		{60A532A6-AE2B-4888-9D0F-24E9C5E56FCD}.Release|Any CPU.Build.0 = Release|Any CPU
		{28803E3E-9156-4BC3-B11A-1CCC5A980DF8}.Debug|Any CPU.ActiveCfg = Debug|Any CPU
		{28803E3E-9156-4BC3-B11A-1CCC5A980DF8}.Debug|Any CPU.Build.0 = Debug|Any CPU
		{28803E3E-9156-4BC3-B11A-1CCC5A980DF8}.Release|Any CPU.ActiveCfg = Release|Any CPU
		{28803E3E-9156-4BC3-B11A-1CCC5A980DF8}.Release|Any CPU.Build.0 = Release|Any CPU
		{3DCD813E-531F-4232-A9B7-8A081CFE34E4}.Debug|Any CPU.ActiveCfg = Debug|Any CPU
		{3DCD813E-531F-4232-A9B7-8A081CFE34E4}.Debug|Any CPU.Build.0 = Debug|Any CPU
		{3DCD813E-531F-4232-A9B7-8A081CFE34E4}.Debug|Any CPU.Deploy.0 = Debug|Any CPU
		{3DCD813E-531F-4232-A9B7-8A081CFE34E4}.Release|Any CPU.ActiveCfg = Release|Any CPU
		{3DCD813E-531F-4232-A9B7-8A081CFE34E4}.Release|Any CPU.Build.0 = Release|Any CPU
		{3DCD813E-531F-4232-A9B7-8A081CFE34E4}.Release|Any CPU.Deploy.0 = Release|Any CPU
	EndGlobalSection
	GlobalSection(SolutionProperties) = preSolution
		HideSolutionNode = FALSE
	EndGlobalSection
	GlobalSection(ExtensibilityGlobals) = postSolution
		SolutionGuid = {D97F3D88-80AD-453C-85D2-A977A1579A17}
	EndGlobalSection
EndGlobal
